# THIS IS AN AUTOGENERATED FILE. DO NOT EDIT THIS FILE DIRECTLY.
# yarn lockfile v1


"@sourcegraph/prettierrc@^3.0.3":
  version "3.0.3"
  resolved "https://registry.npmjs.org/@sourcegraph/prettierrc/-/prettierrc-3.0.3.tgz#51bfa9b2588fe35121593fa877143e6373028289"
  integrity sha512-FQ1/Ued4I02R0JkrHHofDN163juVxUnPALzfxPZrDZUHv+c3jHjfZhmTHEz+Wd+g3b7MFk0fkj36nZSnvPyU8A==

prettier@^2.3.2:
  version "2.3.2"
  resolved "https://registry.npmjs.org/prettier/-/prettier-2.3.2.tgz#ef280a05ec253712e486233db5c6f23441e7342d"
  integrity sha512-lnJzDfJ66zkMy58OL5/NY5zp70S7Nz6KqcKkXYzn2tMVrNxvbqaBpg7H3qHaLxCJ5lNMsGuM8+ohS7cZrthdLQ==
